
Microsoft Visual Studio Solution File, Format Version 12.00
# Visual Studio Version 16
VisualStudioVersion = 16.0.29509.3
MinimumVisualStudioVersion = 10.0.40219.1
Project("{FAE04EC0-301F-11D3-BF4B-00C04F79EFBC}") = "GPUProfiler", "GPUProfiler\GPUProfiler.csproj", "{5543223A-BD25-4DC8-A971-6AFEAF5502F5}"
EndProject
Project("{FAE04EC0-301F-11D3-BF4B-00C04F79EFBC}") = "WpfHost", "WpfHost\WpfHost.csproj", "{BC65EFFF-2065-4E90-A969-3F5237A7D484}"
EndProject
Project("{FAE04EC0-301F-11D3-BF4B-00C04F79EFBC}") = "Direct2DAndDWrite", "Direct2DAndDWrite\Direct2DAndDWrite.csproj", "{9AE3DA8A-2570-4BC2-ABAE-8DA486D5B572}"
EndProject
Global
	GlobalSection(SolutionConfigurationPlatforms) = preSolution
		Debug|Any CPU = Debug|Any CPU
		Release|Any CPU = Release|Any CPU
	EndGlobalSection
	GlobalSection(ProjectConfigurationPlatforms) = postSolution
		{5543223A-BD25-4DC8-A971-6AFEAF5502F5}.Debug|Any CPU.ActiveCfg = Debug|Any CPU
		{5543223A-BD25-4DC8-A971-6AFEAF5502F5}.Debug|Any CPU.Build.0 = Debug|Any CPU
		{5543223A-BD25-4DC8-A971-6AFEAF5502F5}.Release|Any CPU.ActiveCfg = Release|Any CPU
		{5543223A-BD25-4DC8-A971-6AFEAF5502F5}.Release|Any CPU.Build.0 = Release|Any CPU
		{BC65EFFF-2065-4E90-A969-3F5237A7D484}.Debug|Any CPU.ActiveCfg = Debug|Any CPU
		{BC65EFFF-2065-4E90-A969-3F5237A7D484}.Debug|Any CPU.Build.0 = Debug|Any CPU
		{BC65EFFF-2065-4E90-A969-3F5237A7D484}.Release|Any CPU.ActiveCfg = Release|Any CPU
		{BC65EFFF-2065-4E90-A969-3F5237A7D484}.Release|Any CPU.Build.0 = Release|Any CPU
		{9AE3DA8A-2570-4BC2-ABAE-8DA486D5B572}.Debug|Any CPU.ActiveCfg = Debug|Any CPU
		{9AE3DA8A-2570-4BC2-ABAE-8DA486D5B572}.Debug|Any CPU.Build.0 = Debug|Any CPU
		{9AE3DA8A-2570-4BC2-ABAE-8DA486D5B572}.Release|Any CPU.ActiveCfg = Release|Any CPU
		{9AE3DA8A-2570-4BC2-ABAE-8DA486D5B572}.Release|Any CPU.Build.0 = Release|Any CPU
	EndGlobalSection
	GlobalSection(SolutionProperties) = preSolution
		HideSolutionNode = FALSE
	EndGlobalSection
	GlobalSection(ExtensibilityGlobals) = postSolution
		SolutionGuid = {EDF39CBF-C286-4FDC-9EC4-0C31C4A24CEF}
	EndGlobalSection
EndGlobal
