
Microsoft Visual Studio Solution File, Format Version 12.00
# Visual Studio Version 17
VisualStudioVersion = 17.1.32421.90
MinimumVisualStudioVersion = 10.0.40219.1
Project("{FAE04EC0-301F-11D3-BF4B-00C04F79EFBC}") = "ComputeShaderSort11", "ComputeShaderSort11\ComputeShaderSort11.csproj", "{A787407C-4487-45D9-A87A-920FE4610FAC}"
EndProject
Global
	GlobalSection(SolutionConfigurationPlatforms) = preSolution
		Debug|Any CPU = Debug|Any CPU
		Release|Any CPU = Release|Any CPU
	EndGlobalSection
	GlobalSection(ProjectConfigurationPlatforms) = postSolution
		{A787407C-4487-45D9-A87A-920FE4610FAC}.Debug|Any CPU.ActiveCfg = Debug|Any CPU
		{A787407C-4487-45D9-A87A-920FE4610FAC}.Debug|Any CPU.Build.0 = Debug|Any CPU
		{A787407C-4487-45D9-A87A-920FE4610FAC}.Release|Any CPU.ActiveCfg = Release|Any CPU
		{A787407C-4487-45D9-A87A-920FE4610FAC}.Release|Any CPU.Build.0 = Release|Any CPU
	EndGlobalSection
	GlobalSection(SolutionProperties) = preSolution
		HideSolutionNode = FALSE
	EndGlobalSection
	GlobalSection(ExtensibilityGlobals) = postSolution
		SolutionGuid = {574765E3-A239-4AF3-90B1-788CD2F40029}
	EndGlobalSection
EndGlobal
