
Microsoft Visual Studio Solution File, Format Version 12.00
# Visual Studio Version 17
VisualStudioVersion = 17.1.32421.90
MinimumVisualStudioVersion = 10.0.40219.1
Project("{FAE04EC0-301F-11D3-BF4B-00C04F79EFBC}") = "DirectXRenderTargetScreenshot", "DirectXRenderTargetScreenshot\DirectXRenderTargetScreenshot.csproj", "{843C4A06-7D18-4C6F-AD68-7ECB24CA74E6}"
EndProject
Global
	GlobalSection(SolutionConfigurationPlatforms) = preSolution
		Debug|Any CPU = Debug|Any CPU
		Release|Any CPU = Release|Any CPU
	EndGlobalSection
	GlobalSection(ProjectConfigurationPlatforms) = postSolution
		{843C4A06-7D18-4C6F-AD68-7ECB24CA74E6}.Debug|Any CPU.ActiveCfg = Debug|Any CPU
		{843C4A06-7D18-4C6F-AD68-7ECB24CA74E6}.Debug|Any CPU.Build.0 = Debug|Any CPU
		{843C4A06-7D18-4C6F-AD68-7ECB24CA74E6}.Release|Any CPU.ActiveCfg = Release|Any CPU
		{843C4A06-7D18-4C6F-AD68-7ECB24CA74E6}.Release|Any CPU.Build.0 = Release|Any CPU
	EndGlobalSection
	GlobalSection(SolutionProperties) = preSolution
		HideSolutionNode = FALSE
	EndGlobalSection
	GlobalSection(ExtensibilityGlobals) = postSolution
		SolutionGuid = {82DBFD6C-4C06-4EEE-818B-1C34FC04C1C1}
	EndGlobalSection
EndGlobal
