
Microsoft Visual Studio Solution File, Format Version 12.00
# Visual Studio Version 16
VisualStudioVersion = 16.0.30011.22
MinimumVisualStudioVersion = 10.0.40219.1
Project("{FAE04EC0-301F-11D3-BF4B-00C04F79EFBC}") = "DirectXRenderTargetScreenshot", "DirectXRenderTargetScreenshot\DirectXRenderTargetScreenshot.csproj", "{DA25E392-2FA3-4EA1-94A1-DE40466124E1}"
EndProject
Global
	GlobalSection(SolutionConfigurationPlatforms) = preSolution
		Debug|Any CPU = Debug|Any CPU
		Release|Any CPU = Release|Any CPU
	EndGlobalSection
	GlobalSection(ProjectConfigurationPlatforms) = postSolution
		{DA25E392-2FA3-4EA1-94A1-DE40466124E1}.Debug|Any CPU.ActiveCfg = Debug|Any CPU
		{DA25E392-2FA3-4EA1-94A1-DE40466124E1}.Debug|Any CPU.Build.0 = Debug|Any CPU
		{DA25E392-2FA3-4EA1-94A1-DE40466124E1}.Release|Any CPU.ActiveCfg = Release|Any CPU
		{DA25E392-2FA3-4EA1-94A1-DE40466124E1}.Release|Any CPU.Build.0 = Release|Any CPU
	EndGlobalSection
	GlobalSection(SolutionProperties) = preSolution
		HideSolutionNode = FALSE
	EndGlobalSection
	GlobalSection(ExtensibilityGlobals) = postSolution
		SolutionGuid = {B99BAA7D-4958-45CD-AFC2-956B1549436B}
	EndGlobalSection
EndGlobal
