
Microsoft Visual Studio Solution File, Format Version 12.00
# Visual Studio Version 16
VisualStudioVersion = 16.0.29509.3
MinimumVisualStudioVersion = 10.0.40219.1
Project("{9A19103F-16F7-4668-BE54-9A1E7A4F7556}") = "BasicMaths", "BasicMaths\BasicMaths.csproj", "{A31BE7E2-0DDF-4EA7-89B8-1162FE9CDC50}"
EndProject
Project("{9A19103F-16F7-4668-BE54-9A1E7A4F7556}") = "Lesson1.Basics", "Lesson1.Basics\Lesson1.Basics.csproj", "{2A7A34A9-709E-4489-9B22-FAE68F9F52E0}"
EndProject
Project("{9A19103F-16F7-4668-BE54-9A1E7A4F7556}") = "Lesson2.Triangles", "Lesson2.Triangles\Lesson2.Triangles.csproj", "{F3F53251-1857-4520-8138-E8466D7B35AA}"
EndProject
Project("{9A19103F-16F7-4668-BE54-9A1E7A4F7556}") = "Lesson3.Cubes", "Lesson3.Cubes\Lesson3.Cubes.csproj", "{4407436C-E79A-40D9-A5EE-A185B1A7A203}"
EndProject
Project("{FAE04EC0-301F-11D3-BF4B-00C04F79EFBC}") = "Lesson4.Textures", "Lesson4.Textures\Lesson4.Textures.csproj", "{DDE4E33A-FF78-4CD9-BBF0-9417F344AFB0}"
EndProject
Project("{FAE04EC0-301F-11D3-BF4B-00C04F79EFBC}") = "Lesson5.Components", "Lesson5.Components\Lesson5.Components.csproj", "{77323EA8-73D9-41AD-8991-73991C8D0E6C}"
EndProject
Global
	GlobalSection(SolutionConfigurationPlatforms) = preSolution
		Debug|Any CPU = Debug|Any CPU
		Release|Any CPU = Release|Any CPU
	EndGlobalSection
	GlobalSection(ProjectConfigurationPlatforms) = postSolution
		{A31BE7E2-0DDF-4EA7-89B8-1162FE9CDC50}.Debug|Any CPU.ActiveCfg = Debug|Any CPU
		{A31BE7E2-0DDF-4EA7-89B8-1162FE9CDC50}.Debug|Any CPU.Build.0 = Debug|Any CPU
		{A31BE7E2-0DDF-4EA7-89B8-1162FE9CDC50}.Release|Any CPU.ActiveCfg = Release|Any CPU
		{A31BE7E2-0DDF-4EA7-89B8-1162FE9CDC50}.Release|Any CPU.Build.0 = Release|Any CPU
		{2A7A34A9-709E-4489-9B22-FAE68F9F52E0}.Debug|Any CPU.ActiveCfg = Debug|Any CPU
		{2A7A34A9-709E-4489-9B22-FAE68F9F52E0}.Debug|Any CPU.Build.0 = Debug|Any CPU
		{2A7A34A9-709E-4489-9B22-FAE68F9F52E0}.Release|Any CPU.ActiveCfg = Release|Any CPU
		{2A7A34A9-709E-4489-9B22-FAE68F9F52E0}.Release|Any CPU.Build.0 = Release|Any CPU
		{F3F53251-1857-4520-8138-E8466D7B35AA}.Debug|Any CPU.ActiveCfg = Debug|Any CPU
		{F3F53251-1857-4520-8138-E8466D7B35AA}.Debug|Any CPU.Build.0 = Debug|Any CPU
		{F3F53251-1857-4520-8138-E8466D7B35AA}.Release|Any CPU.ActiveCfg = Release|Any CPU
		{F3F53251-1857-4520-8138-E8466D7B35AA}.Release|Any CPU.Build.0 = Release|Any CPU
		{4407436C-E79A-40D9-A5EE-A185B1A7A203}.Debug|Any CPU.ActiveCfg = Debug|Any CPU
		{4407436C-E79A-40D9-A5EE-A185B1A7A203}.Debug|Any CPU.Build.0 = Debug|Any CPU
		{4407436C-E79A-40D9-A5EE-A185B1A7A203}.Release|Any CPU.ActiveCfg = Release|Any CPU
		{4407436C-E79A-40D9-A5EE-A185B1A7A203}.Release|Any CPU.Build.0 = Release|Any CPU
		{DDE4E33A-FF78-4CD9-BBF0-9417F344AFB0}.Debug|Any CPU.ActiveCfg = Debug|Any CPU
		{DDE4E33A-FF78-4CD9-BBF0-9417F344AFB0}.Debug|Any CPU.Build.0 = Debug|Any CPU
		{DDE4E33A-FF78-4CD9-BBF0-9417F344AFB0}.Release|Any CPU.ActiveCfg = Release|Any CPU
		{DDE4E33A-FF78-4CD9-BBF0-9417F344AFB0}.Release|Any CPU.Build.0 = Release|Any CPU
		{77323EA8-73D9-41AD-8991-73991C8D0E6C}.Debug|Any CPU.ActiveCfg = Debug|Any CPU
		{77323EA8-73D9-41AD-8991-73991C8D0E6C}.Debug|Any CPU.Build.0 = Debug|Any CPU
		{77323EA8-73D9-41AD-8991-73991C8D0E6C}.Release|Any CPU.ActiveCfg = Release|Any CPU
		{77323EA8-73D9-41AD-8991-73991C8D0E6C}.Release|Any CPU.Build.0 = Release|Any CPU
	EndGlobalSection
	GlobalSection(SolutionProperties) = preSolution
		HideSolutionNode = FALSE
	EndGlobalSection
	GlobalSection(ExtensibilityGlobals) = postSolution
		SolutionGuid = {55B27C0D-2FBC-4BDD-B64C-AEE12B0E3C3A}
	EndGlobalSection
EndGlobal
