
Microsoft Visual Studio Solution File, Format Version 12.00
# Visual Studio Version 17
VisualStudioVersion = 17.1.32421.90
MinimumVisualStudioVersion = 10.0.40219.1
Project("{FAE04EC0-301F-11D3-BF4B-00C04F79EFBC}") = "BasicMaths", "BasicMaths\BasicMaths.csproj", "{48AAC17B-DB73-4EEF-901B-83C16B9FA776}"
EndProject
Project("{FAE04EC0-301F-11D3-BF4B-00C04F79EFBC}") = "Lesson1.Basics", "Lesson1.Basics\Lesson1.Basics.csproj", "{C0A33661-6BF0-45CB-A6EE-D9CFFA6DFA8E}"
EndProject
Project("{FAE04EC0-301F-11D3-BF4B-00C04F79EFBC}") = "Lesson2.Triangles", "Lesson2.Triangles\Lesson2.Triangles.csproj", "{FACE8808-0F62-4BC8-B0BD-99AF78FD708D}"
EndProject
Project("{FAE04EC0-301F-11D3-BF4B-00C04F79EFBC}") = "Lesson3.Cubes", "Lesson3.Cubes\Lesson3.Cubes.csproj", "{C5EF2D75-4A8D-4A95-ACB9-BEA1111863EB}"
EndProject
Project("{FAE04EC0-301F-11D3-BF4B-00C04F79EFBC}") = "Lesson4.Textures", "Lesson4.Textures\Lesson4.Textures.csproj", "{1A1E80AB-2342-49CB-83AD-140E248C7E4F}"
EndProject
Project("{FAE04EC0-301F-11D3-BF4B-00C04F79EFBC}") = "Lesson5.Components", "Lesson5.Components\Lesson5.Components.csproj", "{1C8CFF2C-A9DD-4619-9870-DEAAC364828C}"
EndProject
Global
	GlobalSection(SolutionConfigurationPlatforms) = preSolution
		Debug|Any CPU = Debug|Any CPU
		Release|Any CPU = Release|Any CPU
	EndGlobalSection
	GlobalSection(ProjectConfigurationPlatforms) = postSolution
		{48AAC17B-DB73-4EEF-901B-83C16B9FA776}.Debug|Any CPU.ActiveCfg = Debug|Any CPU
		{48AAC17B-DB73-4EEF-901B-83C16B9FA776}.Debug|Any CPU.Build.0 = Debug|Any CPU
		{48AAC17B-DB73-4EEF-901B-83C16B9FA776}.Release|Any CPU.ActiveCfg = Release|Any CPU
		{48AAC17B-DB73-4EEF-901B-83C16B9FA776}.Release|Any CPU.Build.0 = Release|Any CPU
		{C0A33661-6BF0-45CB-A6EE-D9CFFA6DFA8E}.Debug|Any CPU.ActiveCfg = Debug|Any CPU
		{C0A33661-6BF0-45CB-A6EE-D9CFFA6DFA8E}.Debug|Any CPU.Build.0 = Debug|Any CPU
		{C0A33661-6BF0-45CB-A6EE-D9CFFA6DFA8E}.Release|Any CPU.ActiveCfg = Release|Any CPU
		{C0A33661-6BF0-45CB-A6EE-D9CFFA6DFA8E}.Release|Any CPU.Build.0 = Release|Any CPU
		{FACE8808-0F62-4BC8-B0BD-99AF78FD708D}.Debug|Any CPU.ActiveCfg = Debug|Any CPU
		{FACE8808-0F62-4BC8-B0BD-99AF78FD708D}.Debug|Any CPU.Build.0 = Debug|Any CPU
		{FACE8808-0F62-4BC8-B0BD-99AF78FD708D}.Release|Any CPU.ActiveCfg = Release|Any CPU
		{FACE8808-0F62-4BC8-B0BD-99AF78FD708D}.Release|Any CPU.Build.0 = Release|Any CPU
		{C5EF2D75-4A8D-4A95-ACB9-BEA1111863EB}.Debug|Any CPU.ActiveCfg = Debug|Any CPU
		{C5EF2D75-4A8D-4A95-ACB9-BEA1111863EB}.Debug|Any CPU.Build.0 = Debug|Any CPU
		{C5EF2D75-4A8D-4A95-ACB9-BEA1111863EB}.Release|Any CPU.ActiveCfg = Release|Any CPU
		{C5EF2D75-4A8D-4A95-ACB9-BEA1111863EB}.Release|Any CPU.Build.0 = Release|Any CPU
		{1A1E80AB-2342-49CB-83AD-140E248C7E4F}.Debug|Any CPU.ActiveCfg = Debug|Any CPU
		{1A1E80AB-2342-49CB-83AD-140E248C7E4F}.Debug|Any CPU.Build.0 = Debug|Any CPU
		{1A1E80AB-2342-49CB-83AD-140E248C7E4F}.Release|Any CPU.ActiveCfg = Release|Any CPU
		{1A1E80AB-2342-49CB-83AD-140E248C7E4F}.Release|Any CPU.Build.0 = Release|Any CPU
		{1C8CFF2C-A9DD-4619-9870-DEAAC364828C}.Debug|Any CPU.ActiveCfg = Debug|Any CPU
		{1C8CFF2C-A9DD-4619-9870-DEAAC364828C}.Debug|Any CPU.Build.0 = Debug|Any CPU
		{1C8CFF2C-A9DD-4619-9870-DEAAC364828C}.Release|Any CPU.ActiveCfg = Release|Any CPU
		{1C8CFF2C-A9DD-4619-9870-DEAAC364828C}.Release|Any CPU.Build.0 = Release|Any CPU
	EndGlobalSection
	GlobalSection(SolutionProperties) = preSolution
		HideSolutionNode = FALSE
	EndGlobalSection
	GlobalSection(ExtensibilityGlobals) = postSolution
		SolutionGuid = {479737F2-DBA6-4323-9772-262D494E75F4}
	EndGlobalSection
EndGlobal
