
Microsoft Visual Studio Solution File, Format Version 12.00
# Visual Studio Version 17
VisualStudioVersion = 17.4.33110.190
MinimumVisualStudioVersion = 10.0.40219.1
Project("{FAE04EC0-301F-11D3-BF4B-00C04F79EFBC}") = "HDRToneMappingCS11", "HDRToneMappingCS11\HDRToneMappingCS11.csproj", "{7B2675E5-B7C5-4C9A-BC52-9E868C3561B1}"
EndProject
Global
	GlobalSection(SolutionConfigurationPlatforms) = preSolution
		Debug|Any CPU = Debug|Any CPU
		Release|Any CPU = Release|Any CPU
	EndGlobalSection
	GlobalSection(ProjectConfigurationPlatforms) = postSolution
		{7B2675E5-B7C5-4C9A-BC52-9E868C3561B1}.Debug|Any CPU.ActiveCfg = Debug|Any CPU
		{7B2675E5-B7C5-4C9A-BC52-9E868C3561B1}.Debug|Any CPU.Build.0 = Debug|Any CPU
		{7B2675E5-B7C5-4C9A-BC52-9E868C3561B1}.Release|Any CPU.ActiveCfg = Release|Any CPU
		{7B2675E5-B7C5-4C9A-BC52-9E868C3561B1}.Release|Any CPU.Build.0 = Release|Any CPU
	EndGlobalSection
	GlobalSection(SolutionProperties) = preSolution
		HideSolutionNode = FALSE
	EndGlobalSection
	GlobalSection(ExtensibilityGlobals) = postSolution
		SolutionGuid = {4B2BBA36-3774-4462-AD93-C0A317DE0826}
	EndGlobalSection
EndGlobal
