
Microsoft Visual Studio Solution File, Format Version 12.00
# Visual Studio Version 17
VisualStudioVersion = 17.4.33213.308
MinimumVisualStudioVersion = 10.0.40219.1
Project("{FAE04EC0-301F-11D3-BF4B-00C04F79EFBC}") = "DeferredParticles", "DeferredParticles\DeferredParticles.csproj", "{0E704E76-784F-4834-87E9-22FC8F17F26B}"
EndProject
Global
	GlobalSection(SolutionConfigurationPlatforms) = preSolution
		Debug|Any CPU = Debug|Any CPU
		Release|Any CPU = Release|Any CPU
	EndGlobalSection
	GlobalSection(ProjectConfigurationPlatforms) = postSolution
		{0E704E76-784F-4834-87E9-22FC8F17F26B}.Debug|Any CPU.ActiveCfg = Debug|Any CPU
		{0E704E76-784F-4834-87E9-22FC8F17F26B}.Debug|Any CPU.Build.0 = Debug|Any CPU
		{0E704E76-784F-4834-87E9-22FC8F17F26B}.Release|Any CPU.ActiveCfg = Release|Any CPU
		{0E704E76-784F-4834-87E9-22FC8F17F26B}.Release|Any CPU.Build.0 = Release|Any CPU
	EndGlobalSection
	GlobalSection(SolutionProperties) = preSolution
		HideSolutionNode = FALSE
	EndGlobalSection
	GlobalSection(ExtensibilityGlobals) = postSolution
		SolutionGuid = {43FF6100-AC13-4BD4-88F2-F4F79D9D237C}
	EndGlobalSection
EndGlobal
