
Microsoft Visual Studio Solution File, Format Version 12.00
# Visual Studio Version 17
VisualStudioVersion = 17.4.33110.190
MinimumVisualStudioVersion = 10.0.40219.1
Project("{FAE04EC0-301F-11D3-BF4B-00C04F79EFBC}") = "SubD11", "SubD11\SubD11.csproj", "{0EC73408-6262-4A87-B03A-910021DC5EE7}"
EndProject
Global
	GlobalSection(SolutionConfigurationPlatforms) = preSolution
		Debug|Any CPU = Debug|Any CPU
		Release|Any CPU = Release|Any CPU
	EndGlobalSection
	GlobalSection(ProjectConfigurationPlatforms) = postSolution
		{0EC73408-6262-4A87-B03A-910021DC5EE7}.Debug|Any CPU.ActiveCfg = Debug|Any CPU
		{0EC73408-6262-4A87-B03A-910021DC5EE7}.Debug|Any CPU.Build.0 = Debug|Any CPU
		{0EC73408-6262-4A87-B03A-910021DC5EE7}.Release|Any CPU.ActiveCfg = Release|Any CPU
		{0EC73408-6262-4A87-B03A-910021DC5EE7}.Release|Any CPU.Build.0 = Release|Any CPU
	EndGlobalSection
	GlobalSection(SolutionProperties) = preSolution
		HideSolutionNode = FALSE
	EndGlobalSection
	GlobalSection(ExtensibilityGlobals) = postSolution
		SolutionGuid = {6A09C196-44A6-4A0D-AEC5-9B0D47ED8F34}
	EndGlobalSection
EndGlobal
