
Microsoft Visual Studio Solution File, Format Version 12.00
# Visual Studio Version 17
VisualStudioVersion = 17.4.33110.190
MinimumVisualStudioVersion = 10.0.40219.1
Project("{FAE04EC0-301F-11D3-BF4B-00C04F79EFBC}") = "PNTriangles11", "PNTriangles11\PNTriangles11.csproj", "{EE66BEDD-5B46-4A05-83BC-850649BA48A0}"
EndProject
Global
	GlobalSection(SolutionConfigurationPlatforms) = preSolution
		Debug|Any CPU = Debug|Any CPU
		Release|Any CPU = Release|Any CPU
	EndGlobalSection
	GlobalSection(ProjectConfigurationPlatforms) = postSolution
		{EE66BEDD-5B46-4A05-83BC-850649BA48A0}.Debug|Any CPU.ActiveCfg = Debug|Any CPU
		{EE66BEDD-5B46-4A05-83BC-850649BA48A0}.Debug|Any CPU.Build.0 = Debug|Any CPU
		{EE66BEDD-5B46-4A05-83BC-850649BA48A0}.Release|Any CPU.ActiveCfg = Release|Any CPU
		{EE66BEDD-5B46-4A05-83BC-850649BA48A0}.Release|Any CPU.Build.0 = Release|Any CPU
	EndGlobalSection
	GlobalSection(SolutionProperties) = preSolution
		HideSolutionNode = FALSE
	EndGlobalSection
	GlobalSection(ExtensibilityGlobals) = postSolution
		SolutionGuid = {E18F0623-6D66-4A1A-B672-ED1AE05C98A0}
	EndGlobalSection
EndGlobal
