
Microsoft Visual Studio Solution File, Format Version 12.00
# Visual Studio Version 17
VisualStudioVersion = 17.1.32421.90
MinimumVisualStudioVersion = 10.0.40219.1
Project("{FAE04EC0-301F-11D3-BF4B-00C04F79EFBC}") = "NBodyGravityCS11", "NBodyGravityCS11\NBodyGravityCS11.csproj", "{30616851-A1C0-4D5F-9800-8963C637B11C}"
EndProject
Global
	GlobalSection(SolutionConfigurationPlatforms) = preSolution
		Debug|Any CPU = Debug|Any CPU
		Release|Any CPU = Release|Any CPU
	EndGlobalSection
	GlobalSection(ProjectConfigurationPlatforms) = postSolution
		{30616851-A1C0-4D5F-9800-8963C637B11C}.Debug|Any CPU.ActiveCfg = Debug|Any CPU
		{30616851-A1C0-4D5F-9800-8963C637B11C}.Debug|Any CPU.Build.0 = Debug|Any CPU
		{30616851-A1C0-4D5F-9800-8963C637B11C}.Release|Any CPU.ActiveCfg = Release|Any CPU
		{30616851-A1C0-4D5F-9800-8963C637B11C}.Release|Any CPU.Build.0 = Release|Any CPU
	EndGlobalSection
	GlobalSection(SolutionProperties) = preSolution
		HideSolutionNode = FALSE
	EndGlobalSection
	GlobalSection(ExtensibilityGlobals) = postSolution
		SolutionGuid = {30090F00-3E73-4702-AB97-19B326F65037}
	EndGlobalSection
EndGlobal
