
Microsoft Visual Studio Solution File, Format Version 12.00
# Visual Studio Version 16
VisualStudioVersion = 16.0.30104.148
MinimumVisualStudioVersion = 10.0.40219.1
Project("{FAE04EC0-301F-11D3-BF4B-00C04F79EFBC}") = "DDSWithoutD3DX11", "DDSWithoutD3DX11\DDSWithoutD3DX11.csproj", "{8BBFBCE1-C7FA-43B5-926F-95CC41204E3A}"
EndProject
Global
	GlobalSection(SolutionConfigurationPlatforms) = preSolution
		Debug|Any CPU = Debug|Any CPU
		Release|Any CPU = Release|Any CPU
	EndGlobalSection
	GlobalSection(ProjectConfigurationPlatforms) = postSolution
		{8BBFBCE1-C7FA-43B5-926F-95CC41204E3A}.Debug|Any CPU.ActiveCfg = Debug|Any CPU
		{8BBFBCE1-C7FA-43B5-926F-95CC41204E3A}.Debug|Any CPU.Build.0 = Debug|Any CPU
		{8BBFBCE1-C7FA-43B5-926F-95CC41204E3A}.Release|Any CPU.ActiveCfg = Release|Any CPU
		{8BBFBCE1-C7FA-43B5-926F-95CC41204E3A}.Release|Any CPU.Build.0 = Release|Any CPU
	EndGlobalSection
	GlobalSection(SolutionProperties) = preSolution
		HideSolutionNode = FALSE
	EndGlobalSection
	GlobalSection(ExtensibilityGlobals) = postSolution
		SolutionGuid = {489327A6-DC66-4372-BE5F-4C076A7625C7}
	EndGlobalSection
EndGlobal
