
Microsoft Visual Studio Solution File, Format Version 12.00
# Visual Studio Version 17
VisualStudioVersion = 17.1.32421.90
MinimumVisualStudioVersion = 10.0.40219.1
Project("{FAE04EC0-301F-11D3-BF4B-00C04F79EFBC}") = "DDSWithoutD3DX11", "DDSWithoutD3DX11\DDSWithoutD3DX11.csproj", "{1B6382BB-735D-4EFE-91F1-CC4974675D62}"
EndProject
Global
	GlobalSection(SolutionConfigurationPlatforms) = preSolution
		Debug|Any CPU = Debug|Any CPU
		Release|Any CPU = Release|Any CPU
	EndGlobalSection
	GlobalSection(ProjectConfigurationPlatforms) = postSolution
		{1B6382BB-735D-4EFE-91F1-CC4974675D62}.Debug|Any CPU.ActiveCfg = Debug|Any CPU
		{1B6382BB-735D-4EFE-91F1-CC4974675D62}.Debug|Any CPU.Build.0 = Debug|Any CPU
		{1B6382BB-735D-4EFE-91F1-CC4974675D62}.Release|Any CPU.ActiveCfg = Release|Any CPU
		{1B6382BB-735D-4EFE-91F1-CC4974675D62}.Release|Any CPU.Build.0 = Release|Any CPU
	EndGlobalSection
	GlobalSection(SolutionProperties) = preSolution
		HideSolutionNode = FALSE
	EndGlobalSection
	GlobalSection(ExtensibilityGlobals) = postSolution
		SolutionGuid = {4652AD38-7340-4E37-95F4-1F8DFE926B44}
	EndGlobalSection
EndGlobal
