
Microsoft Visual Studio Solution File, Format Version 12.00
# Visual Studio Version 17
VisualStudioVersion = 17.4.33122.133
MinimumVisualStudioVersion = 10.0.40219.1
Project("{FAE04EC0-301F-11D3-BF4B-00C04F79EFBC}") = "ShadowVolume10", "ShadowVolume10\ShadowVolume10.csproj", "{B0170E96-9DE5-4D2F-9FF5-09DC38D87A76}"
EndProject
Global
	GlobalSection(SolutionConfigurationPlatforms) = preSolution
		Debug|Any CPU = Debug|Any CPU
		Release|Any CPU = Release|Any CPU
	EndGlobalSection
	GlobalSection(ProjectConfigurationPlatforms) = postSolution
		{B0170E96-9DE5-4D2F-9FF5-09DC38D87A76}.Debug|Any CPU.ActiveCfg = Debug|Any CPU
		{B0170E96-9DE5-4D2F-9FF5-09DC38D87A76}.Debug|Any CPU.Build.0 = Debug|Any CPU
		{B0170E96-9DE5-4D2F-9FF5-09DC38D87A76}.Release|Any CPU.ActiveCfg = Release|Any CPU
		{B0170E96-9DE5-4D2F-9FF5-09DC38D87A76}.Release|Any CPU.Build.0 = Release|Any CPU
	EndGlobalSection
	GlobalSection(SolutionProperties) = preSolution
		HideSolutionNode = FALSE
	EndGlobalSection
	GlobalSection(ExtensibilityGlobals) = postSolution
		SolutionGuid = {B0C93CC3-7660-4249-A032-493048053EAE}
	EndGlobalSection
EndGlobal
