
Microsoft Visual Studio Solution File, Format Version 12.00
# Visual Studio Version 17
VisualStudioVersion = 17.1.32421.90
MinimumVisualStudioVersion = 10.0.40219.1
Project("{FAE04EC0-301F-11D3-BF4B-00C04F79EFBC}") = "AdaptiveTessellationCS40", "AdaptiveTessellationCS40\AdaptiveTessellationCS40.csproj", "{9EC4A6B5-8844-4FA9-88EB-6EACF83E9538}"
EndProject
Global
	GlobalSection(SolutionConfigurationPlatforms) = preSolution
		Debug|Any CPU = Debug|Any CPU
		Release|Any CPU = Release|Any CPU
	EndGlobalSection
	GlobalSection(ProjectConfigurationPlatforms) = postSolution
		{9EC4A6B5-8844-4FA9-88EB-6EACF83E9538}.Debug|Any CPU.ActiveCfg = Debug|Any CPU
		{9EC4A6B5-8844-4FA9-88EB-6EACF83E9538}.Debug|Any CPU.Build.0 = Debug|Any CPU
		{9EC4A6B5-8844-4FA9-88EB-6EACF83E9538}.Release|Any CPU.ActiveCfg = Release|Any CPU
		{9EC4A6B5-8844-4FA9-88EB-6EACF83E9538}.Release|Any CPU.Build.0 = Release|Any CPU
	EndGlobalSection
	GlobalSection(SolutionProperties) = preSolution
		HideSolutionNode = FALSE
	EndGlobalSection
	GlobalSection(ExtensibilityGlobals) = postSolution
		SolutionGuid = {74B3C019-2591-4258-A559-9D56BB9B5353}
	EndGlobalSection
EndGlobal
