
Microsoft Visual Studio Solution File, Format Version 12.00
# Visual Studio Version 17
VisualStudioVersion = 17.1.32421.90
MinimumVisualStudioVersion = 10.0.40219.1
Project("{FAE04EC0-301F-11D3-BF4B-00C04F79EFBC}") = "SimpleSample11", "SimpleSample11\SimpleSample11.csproj", "{254801FF-18AE-4A57-A2CA-6F147F84DC38}"
EndProject
Global
	GlobalSection(SolutionConfigurationPlatforms) = preSolution
		Debug|Any CPU = Debug|Any CPU
		Release|Any CPU = Release|Any CPU
	EndGlobalSection
	GlobalSection(ProjectConfigurationPlatforms) = postSolution
		{254801FF-18AE-4A57-A2CA-6F147F84DC38}.Debug|Any CPU.ActiveCfg = Debug|Any CPU
		{254801FF-18AE-4A57-A2CA-6F147F84DC38}.Debug|Any CPU.Build.0 = Debug|Any CPU
		{254801FF-18AE-4A57-A2CA-6F147F84DC38}.Release|Any CPU.ActiveCfg = Release|Any CPU
		{254801FF-18AE-4A57-A2CA-6F147F84DC38}.Release|Any CPU.Build.0 = Release|Any CPU
	EndGlobalSection
	GlobalSection(SolutionProperties) = preSolution
		HideSolutionNode = FALSE
	EndGlobalSection
	GlobalSection(ExtensibilityGlobals) = postSolution
		SolutionGuid = {8DA77C4B-533D-446E-8D43-16CA76929045}
	EndGlobalSection
EndGlobal
